
Microsoft Visual Studio Solution File, Format Version 12.00
# Visual Studio Version 16
VisualStudioVersion = 16.0.29409.12
MinimumVisualStudioVersion = 10.0.40219.1
Project("{FAE04EC0-301F-11D3-BF4B-00C04F79EFBC}") = "CourseWorkConsole", "CourseWork\CourseWorkConsole.csproj", "{4918C7A7-6B8F-4013-922F-44DF849647C6}"
EndProject
Project("{2150E333-8FDC-42A3-9474-1A3956D46DE8}") = "General", "General", "{494DAB66-62AC-4352-A93C-0AB1FF1E7E67}"
EndProject
Project("{2150E333-8FDC-42A3-9474-1A3956D46DE8}") = "Console", "Console", "{BED4A60E-71D8-478A-B4E4-D162C9535488}"
EndProject
Project("{FAE04EC0-301F-11D3-BF4B-00C04F79EFBC}") = "ConsoleView", "ConsoleView\ConsoleView.csproj", "{D95CED73-2F7E-4B88-88F7-C2CFC7F1AF3B}"
EndProject
Project("{FAE04EC0-301F-11D3-BF4B-00C04F79EFBC}") = "ConsoleController", "ConsoleController\ConsoleController.csproj", "{97157D5F-9AAA-4682-805D-3D274B672482}"
EndProject
Project("{FAE04EC0-301F-11D3-BF4B-00C04F79EFBC}") = "Controller", "Controller\Controller.csproj", "{54CC8F62-B99C-45A9-A84F-225E01AD1597}"
EndProject
Project("{FAE04EC0-301F-11D3-BF4B-00C04F79EFBC}") = "Model", "Model\Model.csproj", "{F60D113F-806D-49A1-BE2B-F30CAD439DE7}"
EndProject
Project("{FAE04EC0-301F-11D3-BF4B-00C04F79EFBC}") = "View", "View\View.csproj", "{B3E786D0-2F2F-464E-B0F7-923AA27F0630}"
EndProject
Project("{FAE04EC0-301F-11D3-BF4B-00C04F79EFBC}") = "UnitTests", "UnitTests\UnitTests.csproj", "{DD4063B9-67DC-472B-AE74-2DA5B9E6047F}"
EndProject
Project("{2150E333-8FDC-42A3-9474-1A3956D46DE8}") = "Windows", "Windows", "{9AB83B6F-C317-4D4B-A900-F3FFDF50FA2D}"
EndProject
Project("{FAE04EC0-301F-11D3-BF4B-00C04F79EFBC}") = "WindowsView", "WindowsView\WindowsView.csproj", "{9F725FD3-50A1-45E3-BAC2-CABDF6A20A67}"
EndProject
Project("{FAE04EC0-301F-11D3-BF4B-00C04F79EFBC}") = "WindowsController", "WindowsController\WindowsController.csproj", "{E48F1BC6-C3DE-409D-9072-3FE058812252}"
EndProject
Project("{FAE04EC0-301F-11D3-BF4B-00C04F79EFBC}") = "CourseWorkWindows", "CourseWorkWindows\CourseWorkWindows.csproj", "{00250D2B-B017-4323-8D14-B318C29173BE}"
EndProject
Global
	GlobalSection(SolutionConfigurationPlatforms) = preSolution
		Debug|Any CPU = Debug|Any CPU
		Release|Any CPU = Release|Any CPU
	EndGlobalSection
	GlobalSection(ProjectConfigurationPlatforms) = postSolution
		{4918C7A7-6B8F-4013-922F-44DF849647C6}.Debug|Any CPU.ActiveCfg = Debug|Any CPU
		{4918C7A7-6B8F-4013-922F-44DF849647C6}.Debug|Any CPU.Build.0 = Debug|Any CPU
		{4918C7A7-6B8F-4013-922F-44DF849647C6}.Release|Any CPU.ActiveCfg = Release|Any CPU
		{4918C7A7-6B8F-4013-922F-44DF849647C6}.Release|Any CPU.Build.0 = Release|Any CPU
		{D95CED73-2F7E-4B88-88F7-C2CFC7F1AF3B}.Debug|Any CPU.ActiveCfg = Debug|Any CPU
		{D95CED73-2F7E-4B88-88F7-C2CFC7F1AF3B}.Debug|Any CPU.Build.0 = Debug|Any CPU
		{D95CED73-2F7E-4B88-88F7-C2CFC7F1AF3B}.Release|Any CPU.ActiveCfg = Release|Any CPU
		{D95CED73-2F7E-4B88-88F7-C2CFC7F1AF3B}.Release|Any CPU.Build.0 = Release|Any CPU
		{97157D5F-9AAA-4682-805D-3D274B672482}.Debug|Any CPU.ActiveCfg = Debug|Any CPU
		{97157D5F-9AAA-4682-805D-3D274B672482}.Debug|Any CPU.Build.0 = Debug|Any CPU
		{97157D5F-9AAA-4682-805D-3D274B672482}.Release|Any CPU.ActiveCfg = Release|Any CPU
		{97157D5F-9AAA-4682-805D-3D274B672482}.Release|Any CPU.Build.0 = Release|Any CPU
		{54CC8F62-B99C-45A9-A84F-225E01AD1597}.Debug|Any CPU.ActiveCfg = Debug|Any CPU
		{54CC8F62-B99C-45A9-A84F-225E01AD1597}.Debug|Any CPU.Build.0 = Debug|Any CPU
		{54CC8F62-B99C-45A9-A84F-225E01AD1597}.Release|Any CPU.ActiveCfg = Release|Any CPU
		{54CC8F62-B99C-45A9-A84F-225E01AD1597}.Release|Any CPU.Build.0 = Release|Any CPU
		{F60D113F-806D-49A1-BE2B-F30CAD439DE7}.Debug|Any CPU.ActiveCfg = Debug|Any CPU
		{F60D113F-806D-49A1-BE2B-F30CAD439DE7}.Debug|Any CPU.Build.0 = Debug|Any CPU
		{F60D113F-806D-49A1-BE2B-F30CAD439DE7}.Release|Any CPU.ActiveCfg = Release|Any CPU
		{F60D113F-806D-49A1-BE2B-F30CAD439DE7}.Release|Any CPU.Build.0 = Release|Any CPU
		{B3E786D0-2F2F-464E-B0F7-923AA27F0630}.Debug|Any CPU.ActiveCfg = Debug|Any CPU
		{B3E786D0-2F2F-464E-B0F7-923AA27F0630}.Debug|Any CPU.Build.0 = Debug|Any CPU
		{B3E786D0-2F2F-464E-B0F7-923AA27F0630}.Release|Any CPU.ActiveCfg = Release|Any CPU
		{B3E786D0-2F2F-464E-B0F7-923AA27F0630}.Release|Any CPU.Build.0 = Release|Any CPU
		{DD4063B9-67DC-472B-AE74-2DA5B9E6047F}.Debug|Any CPU.ActiveCfg = Debug|Any CPU
		{DD4063B9-67DC-472B-AE74-2DA5B9E6047F}.Debug|Any CPU.Build.0 = Debug|Any CPU
		{DD4063B9-67DC-472B-AE74-2DA5B9E6047F}.Release|Any CPU.ActiveCfg = Release|Any CPU
		{DD4063B9-67DC-472B-AE74-2DA5B9E6047F}.Release|Any CPU.Build.0 = Release|Any CPU
		{9F725FD3-50A1-45E3-BAC2-CABDF6A20A67}.Debug|Any CPU.ActiveCfg = Debug|Any CPU
		{9F725FD3-50A1-45E3-BAC2-CABDF6A20A67}.Debug|Any CPU.Build.0 = Debug|Any CPU
		{9F725FD3-50A1-45E3-BAC2-CABDF6A20A67}.Release|Any CPU.ActiveCfg = Release|Any CPU
		{9F725FD3-50A1-45E3-BAC2-CABDF6A20A67}.Release|Any CPU.Build.0 = Release|Any CPU
		{E48F1BC6-C3DE-409D-9072-3FE058812252}.Debug|Any CPU.ActiveCfg = Debug|Any CPU
		{E48F1BC6-C3DE-409D-9072-3FE058812252}.Debug|Any CPU.Build.0 = Debug|Any CPU
		{E48F1BC6-C3DE-409D-9072-3FE058812252}.Release|Any CPU.ActiveCfg = Release|Any CPU
		{E48F1BC6-C3DE-409D-9072-3FE058812252}.Release|Any CPU.Build.0 = Release|Any CPU
		{00250D2B-B017-4323-8D14-B318C29173BE}.Debug|Any CPU.ActiveCfg = Debug|Any CPU
		{00250D2B-B017-4323-8D14-B318C29173BE}.Debug|Any CPU.Build.0 = Debug|Any CPU
		{00250D2B-B017-4323-8D14-B318C29173BE}.Release|Any CPU.ActiveCfg = Release|Any CPU
		{00250D2B-B017-4323-8D14-B318C29173BE}.Release|Any CPU.Build.0 = Release|Any CPU
	EndGlobalSection
	GlobalSection(SolutionProperties) = preSolution
		HideSolutionNode = FALSE
	EndGlobalSection
	GlobalSection(NestedProjects) = preSolution
		{D95CED73-2F7E-4B88-88F7-C2CFC7F1AF3B} = {BED4A60E-71D8-478A-B4E4-D162C9535488}
		{97157D5F-9AAA-4682-805D-3D274B672482} = {BED4A60E-71D8-478A-B4E4-D162C9535488}
		{54CC8F62-B99C-45A9-A84F-225E01AD1597} = {494DAB66-62AC-4352-A93C-0AB1FF1E7E67}
		{F60D113F-806D-49A1-BE2B-F30CAD439DE7} = {494DAB66-62AC-4352-A93C-0AB1FF1E7E67}
		{B3E786D0-2F2F-464E-B0F7-923AA27F0630} = {494DAB66-62AC-4352-A93C-0AB1FF1E7E67}
		{9F725FD3-50A1-45E3-BAC2-CABDF6A20A67} = {9AB83B6F-C317-4D4B-A900-F3FFDF50FA2D}
		{E48F1BC6-C3DE-409D-9072-3FE058812252} = {9AB83B6F-C317-4D4B-A900-F3FFDF50FA2D}
	EndGlobalSection
	GlobalSection(ExtensibilityGlobals) = postSolution
		SolutionGuid = {383171AE-8785-4F8E-85E5-4A71E128E5FA}
	EndGlobalSection
EndGlobal
