
Microsoft Visual Studio Solution File, Format Version 12.00
# Visual Studio Version 16
VisualStudioVersion = 16.0.29409.12
MinimumVisualStudioVersion = 10.0.40219.1
Project("{2150E333-8FDC-42A3-9474-1A3956D46DE8}") = "General", "General", "{494DAB66-62AC-4352-A93C-0AB1FF1E7E67}"
EndProject
Project("{FAE04EC0-301F-11D3-BF4B-00C04F79EFBC}") = "Controller", "Controller\Controller.csproj", "{54CC8F62-B99C-45A9-A84F-225E01AD1597}"
EndProject
Project("{FAE04EC0-301F-11D3-BF4B-00C04F79EFBC}") = "Model", "Model\Model.csproj", "{F60D113F-806D-49A1-BE2B-F30CAD439DE7}"
EndProject
Project("{FAE04EC0-301F-11D3-BF4B-00C04F79EFBC}") = "View", "View\View.csproj", "{B3E786D0-2F2F-464E-B0F7-923AA27F0630}"
EndProject
Project("{FAE04EC0-301F-11D3-BF4B-00C04F79EFBC}") = "UnitTests", "UnitTests\UnitTests.csproj", "{DD4063B9-67DC-472B-AE74-2DA5B9E6047F}"
EndProject
Global
	GlobalSection(SolutionConfigurationPlatforms) = preSolution
		Debug|Any CPU = Debug|Any CPU
		Release|Any CPU = Release|Any CPU
	EndGlobalSection
	GlobalSection(ProjectConfigurationPlatforms) = postSolution
		{54CC8F62-B99C-45A9-A84F-225E01AD1597}.Debug|Any CPU.ActiveCfg = Debug|Any CPU
		{54CC8F62-B99C-45A9-A84F-225E01AD1597}.Debug|Any CPU.Build.0 = Debug|Any CPU
		{54CC8F62-B99C-45A9-A84F-225E01AD1597}.Release|Any CPU.ActiveCfg = Release|Any CPU
		{54CC8F62-B99C-45A9-A84F-225E01AD1597}.Release|Any CPU.Build.0 = Release|Any CPU
		{F60D113F-806D-49A1-BE2B-F30CAD439DE7}.Debug|Any CPU.ActiveCfg = Debug|Any CPU
		{F60D113F-806D-49A1-BE2B-F30CAD439DE7}.Debug|Any CPU.Build.0 = Debug|Any CPU
		{F60D113F-806D-49A1-BE2B-F30CAD439DE7}.Release|Any CPU.ActiveCfg = Release|Any CPU
		{F60D113F-806D-49A1-BE2B-F30CAD439DE7}.Release|Any CPU.Build.0 = Release|Any CPU
		{B3E786D0-2F2F-464E-B0F7-923AA27F0630}.Debug|Any CPU.ActiveCfg = Debug|Any CPU
		{B3E786D0-2F2F-464E-B0F7-923AA27F0630}.Debug|Any CPU.Build.0 = Debug|Any CPU
		{B3E786D0-2F2F-464E-B0F7-923AA27F0630}.Release|Any CPU.ActiveCfg = Release|Any CPU
		{B3E786D0-2F2F-464E-B0F7-923AA27F0630}.Release|Any CPU.Build.0 = Release|Any CPU
		{DD4063B9-67DC-472B-AE74-2DA5B9E6047F}.Debug|Any CPU.ActiveCfg = Debug|Any CPU
		{DD4063B9-67DC-472B-AE74-2DA5B9E6047F}.Debug|Any CPU.Build.0 = Debug|Any CPU
		{DD4063B9-67DC-472B-AE74-2DA5B9E6047F}.Release|Any CPU.ActiveCfg = Release|Any CPU
		{DD4063B9-67DC-472B-AE74-2DA5B9E6047F}.Release|Any CPU.Build.0 = Release|Any CPU
	EndGlobalSection
	GlobalSection(SolutionProperties) = preSolution
		HideSolutionNode = FALSE
	EndGlobalSection
	GlobalSection(NestedProjects) = preSolution
		{54CC8F62-B99C-45A9-A84F-225E01AD1597} = {494DAB66-62AC-4352-A93C-0AB1FF1E7E67}
		{F60D113F-806D-49A1-BE2B-F30CAD439DE7} = {494DAB66-62AC-4352-A93C-0AB1FF1E7E67}
		{B3E786D0-2F2F-464E-B0F7-923AA27F0630} = {494DAB66-62AC-4352-A93C-0AB1FF1E7E67}
	EndGlobalSection
	GlobalSection(ExtensibilityGlobals) = postSolution
		SolutionGuid = {383171AE-8785-4F8E-85E5-4A71E128E5FA}
	EndGlobalSection
EndGlobal
